PODS:
  - Alamofire (5.4.4)
  - EarlGreyTest (2.2.1):
    - eDistantObject (= 1.0.2)
  - eDistantObject (1.0.2)
  - Realm (10.18.0):
    - Realm/Headers (= 10.18.0)
  - Realm/Headers (10.18.0)
  - RealmSwift (10.18.0):
    - Realm (= 10.18.0)
  - SnapKit (5.0.1)

DEPENDENCIES:
  - Alamofire (~> 5.4)
  - EarlGreyTest
  - RealmSwift (~> 10)
  - SnapKit (~> 5.0.0)

SPEC REPOS:
  trunk:
    - Alamofire
    - EarlGreyTest
    - eDistantObject
    - Realm
    - RealmSwift
    - SnapKit

SPEC CHECKSUMS:
  Alamofire: f3b09a368f1582ab751b3fff5460276e0d2cf5c9
  EarlGreyTest: 6acc53bdf703cb5ad5176fafc5182e7ac9ac30c5
  eDistantObject: dab9b2c26f14684e32a4e0dc86759a77ea7a7026
  Realm: b8b0a36bf48c39c50fd8cee7ac34005e6d887ddd
  RealmSwift: fe2f33d731f47aaf4c3618930f9f7cf7b935c33f
  SnapKit: 97b92857e3df3a0c71833cce143274bf6ef8e5eb

PODFILE CHECKSUM: edc800c1123a22b0961220d2c5c8689b8333db0a

COCOAPODS: 1.11.2
